<?xml version="1.0" encoding="utf-8"?>
<Project ToolsVersion="4.0" xmlns="http://schemas.microsoft.com/developer/msbuild/2003">
  <ItemGroup>
    <Filter Include="Исходные файлы">
      <UniqueIdentifier>{4FC737F1-C7A5-4376-A066-2A32D752A2FF}</UniqueIdentifier>
      <Extensions>cpp;c;cc;cxx;c++;cppm;ixx;def;odl;idl;hpj;bat;asm;asmx</Extensions>
    </Filter>
    <Filter Include="Файлы заголовков">
      <UniqueIdentifier>{93995380-89BD-4b04-88EB-625FBE52EBFB}</UniqueIdentifier>
      <Extensions>h;hh;hpp;hxx;h++;hm;inl;inc;ipp;xsd</Extensions>
    </Filter>
    <Filter Include="Файлы ресурсов">
      <UniqueIdentifier>{67DA6AB6-F800-4c08-8B7A-83BB121AAD01}</UniqueIdentifier>
      <Extensions>rc;ico;cur;bmp;dlg;rc2;rct;bin;rgs;gif;jpg;jpeg;jpe;resx;tiff;tif;png;wav;mfcribbon-ms</Extensions>
    </Filter>
    <Filter Include="Исходные файлы\Keyboard">
      <UniqueIdentifier>{a6224bdc-ed97-47a5-9f7d-c30e03264a40}</UniqueIdentifier>
    </Filter>
    <Filter Include="Файлы заголовков\Keyboard">
      <UniqueIdentifier>{95936e24-3340-4c30-815c-886e864ed3f4}</UniqueIdentifier>
    </Filter>
    <Filter Include="Исходные файлы\Mouse">
      <UniqueIdentifier>{3f33ddab-f444-4036-b5f5-bd2b1baa8996}</UniqueIdentifier>
    </Filter>
    <Filter Include="Файлы заголовков\Mouse">
      <UniqueIdentifier>{fc72e19e-938b-4a90-93fb-1e9413a20572}</UniqueIdentifier>
    </Filter>
    <Filter Include="Исходные файлы\Graphics">
      <UniqueIdentifier>{e91814cc-5478-4fe8-b3bb-ef6bd3bee37e}</UniqueIdentifier>
    </Filter>
    <Filter Include="Файлы заголовков\Graphics">
      <UniqueIdentifier>{416b50c3-d5c1-4e3d-bcd6-140e7bb8c1e3}</UniqueIdentifier>
    </Filter>
    <Filter Include="Исходные файлы\Graphics\ImGUI">
      <UniqueIdentifier>{0a51346f-409e-4240-b47e-0438ffe243d0}</UniqueIdentifier>
    </Filter>
    <Filter Include="Файлы заголовков\Graphics\ImGui">
      <UniqueIdentifier>{875084fe-1e14-4aba-ae79-91bd30a42584}</UniqueIdentifier>
    </Filter>
  </ItemGroup>
  <ItemGroup>
    <ClCompile Include="ErrorLogger.cpp">
      <Filter>Исходные файлы</Filter>
    </ClCompile>
    <ClCompile Include="RenderWindow.cpp">
      <Filter>Исходные файлы</Filter>
    </ClCompile>
    <ClCompile Include="Engine.cpp">
      <Filter>Исходные файлы</Filter>
    </ClCompile>
    <ClCompile Include="StringConverter.cpp">
      <Filter>Исходные файлы</Filter>
    </ClCompile>
    <ClCompile Include="WindowContainer.cpp">
      <Filter>Исходные файлы</Filter>
    </ClCompile>
    <ClCompile Include="Keyboard\KeyboardClass.cpp">
      <Filter>Файлы заголовков\Keyboard</Filter>
    </ClCompile>
    <ClCompile Include="Keyboard\KeyboardEvent.cpp">
      <Filter>Файлы заголовков\Keyboard</Filter>
    </ClCompile>
    <ClCompile Include="Mouse\MouseClass.cpp">
      <Filter>Файлы заголовков\Mouse</Filter>
    </ClCompile>
    <ClCompile Include="Mouse\MouseEvent.cpp">
      <Filter>Файлы заголовков\Mouse</Filter>
    </ClCompile>
    <ClCompile Include="Graphics\Graphics.cpp">
      <Filter>Исходные файлы\Graphics</Filter>
    </ClCompile>
    <ClCompile Include="Graphics\AdapterReader.cpp">
      <Filter>Исходные файлы\Graphics</Filter>
    </ClCompile>
    <ClCompile Include="Graphics\Shaders.cpp">
      <Filter>Исходные файлы\Graphics</Filter>
    </ClCompile>
    <ClCompile Include="Graphics\IndexBuffer.cpp">
      <Filter>Исходные файлы</Filter>
    </ClCompile>
    <ClCompile Include="Graphics\Camera.cpp">
      <Filter>Исходные файлы\Graphics</Filter>
    </ClCompile>
    <ClCompile Include="Timer.cpp">
      <Filter>Исходные файлы</Filter>
    </ClCompile>
    <ClCompile Include="Graphics\ImGUI\imgui.cpp">
      <Filter>Файлы заголовков\Graphics\ImGui</Filter>
    </ClCompile>
    <ClCompile Include="Graphics\ImGUI\imgui_draw.cpp">
      <Filter>Файлы заголовков\Graphics\ImGui</Filter>
    </ClCompile>
    <ClCompile Include="Graphics\ImGUI\imgui_impl_dx11.cpp">
      <Filter>Файлы заголовков\Graphics\ImGui</Filter>
    </ClCompile>
    <ClCompile Include="Graphics\ImGUI\imgui_impl_win32.cpp">
      <Filter>Файлы заголовков\Graphics\ImGui</Filter>
    </ClCompile>
    <ClCompile Include="Graphics\ImGUI\imgui_widgets.cpp">
      <Filter>Файлы заголовков\Graphics\ImGui</Filter>
    </ClCompile>
    <ClCompile Include="COMException.cpp">
      <Filter>Исходные файлы</Filter>
    </ClCompile>
    <ClCompile Include="Graphics\Model.cpp">
      <Filter>Исходные файлы\Graphics</Filter>
    </ClCompile>
    <ClCompile Include="main.cpp">
      <Filter>Исходные файлы</Filter>
    </ClCompile>
    <ClCompile Include="Graphics\Mesh.cpp">
      <Filter>Исходные файлы\Graphics</Filter>
    </ClCompile>
    <ClCompile Include="Graphics\GameObject.cpp">
      <Filter>Исходные файлы\Graphics</Filter>
    </ClCompile>
    <ClCompile Include="Graphics\Color.cpp">
      <Filter>Исходные файлы\Graphics</Filter>
    </ClCompile>
    <ClCompile Include="Graphics\Texture.cpp">
      <Filter>Исходные файлы\Graphics</Filter>
    </ClCompile>
  </ItemGroup>
  <ItemGroup>
    <ClInclude Include="StringConverter.h">
      <Filter>Файлы заголовков</Filter>
    </ClInclude>
    <ClInclude Include="ErrorLogger.h">
      <Filter>Файлы заголовков</Filter>
    </ClInclude>
    <ClInclude Include="RenderWindow.h">
      <Filter>Файлы заголовков</Filter>
    </ClInclude>
    <ClInclude Include="Engine.h">
      <Filter>Файлы заголовков</Filter>
    </ClInclude>
    <ClInclude Include="WindowContainer.h">
      <Filter>Файлы заголовков</Filter>
    </ClInclude>
    <ClInclude Include="Keyboard\KeyboardClass.h">
      <Filter>Исходные файлы\Keyboard</Filter>
    </ClInclude>
    <ClInclude Include="Keyboard\KeyboardEvent.h">
      <Filter>Исходные файлы\Keyboard</Filter>
    </ClInclude>
    <ClInclude Include="Mouse\MouseClass.h">
      <Filter>Исходные файлы\Mouse</Filter>
    </ClInclude>
    <ClInclude Include="Mouse\MouseEvent.h">
      <Filter>Исходные файлы\Mouse</Filter>
    </ClInclude>
    <ClInclude Include="Graphics\Graphics.h">
      <Filter>Файлы заголовков\Graphics</Filter>
    </ClInclude>
    <ClInclude Include="Graphics\AdapterReader.h">
      <Filter>Файлы заголовков\Graphics</Filter>
    </ClInclude>
    <ClInclude Include="Graphics\Vertex.h">
      <Filter>Файлы заголовков\Graphics</Filter>
    </ClInclude>
    <ClInclude Include="Graphics\VertexBuffer.h">
      <Filter>Файлы заголовков\Graphics</Filter>
    </ClInclude>
    <ClInclude Include="Graphics\IndexBuffer.h">
      <Filter>Файлы заголовков\Graphics</Filter>
    </ClInclude>
    <ClInclude Include="Graphics\ConstantBufferTypes.h">
      <Filter>Файлы заголовков\Graphics</Filter>
    </ClInclude>
    <ClInclude Include="Graphics\ConstantBuffer.h">
      <Filter>Файлы заголовков\Graphics</Filter>
    </ClInclude>
    <ClInclude Include="Graphics\Camera.h">
      <Filter>Файлы заголовков\Graphics</Filter>
    </ClInclude>
    <ClInclude Include="Timer.h">
      <Filter>Файлы заголовков</Filter>
    </ClInclude>
    <ClInclude Include="Graphics\ImGUI\imconfig.h">
      <Filter>Исходные файлы\Graphics\ImGUI</Filter>
    </ClInclude>
    <ClInclude Include="Graphics\ImGUI\imgui.h">
      <Filter>Исходные файлы\Graphics\ImGUI</Filter>
    </ClInclude>
    <ClInclude Include="Graphics\ImGUI\imgui_impl_dx11.h">
      <Filter>Исходные файлы\Graphics\ImGUI</Filter>
    </ClInclude>
    <ClInclude Include="Graphics\ImGUI\imgui_impl_win32.h">
      <Filter>Исходные файлы\Graphics\ImGUI</Filter>
    </ClInclude>
    <ClInclude Include="Graphics\ImGUI\imgui_internal.h">
      <Filter>Исходные файлы\Graphics\ImGUI</Filter>
    </ClInclude>
    <ClInclude Include="Graphics\ImGUI\imstb_rectpack.h">
      <Filter>Исходные файлы\Graphics\ImGUI</Filter>
    </ClInclude>
    <ClInclude Include="Graphics\ImGUI\imstb_textedit.h">
      <Filter>Исходные файлы\Graphics\ImGUI</Filter>
    </ClInclude>
    <ClInclude Include="Graphics\ImGUI\imstb_truetype.h">
      <Filter>Исходные файлы\Graphics\ImGUI</Filter>
    </ClInclude>
    <ClInclude Include="COMException.h">
      <Filter>Файлы заголовков</Filter>
    </ClInclude>
    <ClInclude Include="Graphics\Shaders.h">
      <Filter>Файлы заголовков</Filter>
    </ClInclude>
    <ClInclude Include="Graphics\Model.h">
      <Filter>Файлы заголовков\Graphics</Filter>
    </ClInclude>
    <ClInclude Include="Graphics\Mesh.h">
      <Filter>Файлы заголовков\Graphics</Filter>
    </ClInclude>
    <ClInclude Include="Graphics\GameObject.h">
      <Filter>Файлы заголовков\Graphics</Filter>
    </ClInclude>
    <ClInclude Include="Graphics\Color.h">
      <Filter>Файлы заголовков\Graphics</Filter>
    </ClInclude>
    <ClInclude Include="Graphics\Texture.h">
      <Filter>Файлы заголовков\Graphics</Filter>
    </ClInclude>
  </ItemGroup>
  <ItemGroup>
    <FxCompile Include="vertexshader.hlsl">
      <Filter>Файлы ресурсов</Filter>
    </FxCompile>
    <FxCompile Include="pixelshader.hlsl">
      <Filter>Файлы ресурсов</Filter>
    </FxCompile>
  </ItemGroup>
</Project>