<?xml version="1.0" encoding="utf-8"?>
<Project ToolsVersion="4.0" xmlns="http://schemas.microsoft.com/developer/msbuild/2003">
  <ItemGroup>
    <Filter Include="Исходные файлы">
      <UniqueIdentifier>{4FC737F1-C7A5-4376-A066-2A32D752A2FF}</UniqueIdentifier>
      <Extensions>cpp;c;cc;cxx;c++;cppm;ixx;def;odl;idl;hpj;bat;asm;asmx</Extensions>
    </Filter>
    <Filter Include="Файлы заголовков">
      <UniqueIdentifier>{93995380-89BD-4b04-88EB-625FBE52EBFB}</UniqueIdentifier>
      <Extensions>h;hh;hpp;hxx;h++;hm;inl;inc;ipp;xsd</Extensions>
    </Filter>
    <Filter Include="Файлы ресурсов">
      <UniqueIdentifier>{67DA6AB6-F800-4c08-8B7A-83BB121AAD01}</UniqueIdentifier>
      <Extensions>rc;ico;cur;bmp;dlg;rc2;rct;bin;rgs;gif;jpg;jpeg;jpe;resx;tiff;tif;png;wav;mfcribbon-ms</Extensions>
    </Filter>
    <Filter Include="Исходные файлы\Graphics">
      <UniqueIdentifier>{e91814cc-5478-4fe8-b3bb-ef6bd3bee37e}</UniqueIdentifier>
    </Filter>
    <Filter Include="Файлы заголовков\Graphics">
      <UniqueIdentifier>{416b50c3-d5c1-4e3d-bcd6-140e7bb8c1e3}</UniqueIdentifier>
    </Filter>
    <Filter Include="Исходные файлы\Graphics\ImGUI">
      <UniqueIdentifier>{0a51346f-409e-4240-b47e-0438ffe243d0}</UniqueIdentifier>
    </Filter>
    <Filter Include="Файлы заголовков\Graphics\ImGui">
      <UniqueIdentifier>{875084fe-1e14-4aba-ae79-91bd30a42584}</UniqueIdentifier>
    </Filter>
    <Filter Include="Файлы заголовков\Graphics\Interfaces">
      <UniqueIdentifier>{f748d578-6ac6-43cb-84b2-6d101bfc1e88}</UniqueIdentifier>
    </Filter>
    <Filter Include="Файлы заголовков\HID">
      <UniqueIdentifier>{58fa0348-b695-429d-933b-ea0cbc9142f0}</UniqueIdentifier>
    </Filter>
    <Filter Include="Файлы заголовков\HID\Mouse">
      <UniqueIdentifier>{fc72e19e-938b-4a90-93fb-1e9413a20572}</UniqueIdentifier>
    </Filter>
    <Filter Include="Файлы заголовков\HID\Keyboard">
      <UniqueIdentifier>{95936e24-3340-4c30-815c-886e864ed3f4}</UniqueIdentifier>
    </Filter>
    <Filter Include="Исходные файлы\HID">
      <UniqueIdentifier>{fe83447b-66b2-4999-a32e-8aa71b15e66d}</UniqueIdentifier>
    </Filter>
    <Filter Include="Исходные файлы\HID\Mouse">
      <UniqueIdentifier>{3f33ddab-f444-4036-b5f5-bd2b1baa8996}</UniqueIdentifier>
    </Filter>
    <Filter Include="Исходные файлы\HID\Keyboard">
      <UniqueIdentifier>{a6224bdc-ed97-47a5-9f7d-c30e03264a40}</UniqueIdentifier>
    </Filter>
    <Filter Include="Файлы ресурсов\deferredRenderer">
      <UniqueIdentifier>{633759aa-b36d-445f-bca0-0c68e2c1f384}</UniqueIdentifier>
    </Filter>
  </ItemGroup>
  <ItemGroup>
    <ClCompile Include="Source\WindowContainer.cpp">
      <Filter>Исходные файлы</Filter>
    </ClCompile>
    <ClCompile Include="Source\StringHelper.cpp">
      <Filter>Исходные файлы</Filter>
    </ClCompile>
    <ClCompile Include="Source\Timer.cpp">
      <Filter>Исходные файлы</Filter>
    </ClCompile>
    <ClCompile Include="Source\RenderWindow.cpp">
      <Filter>Исходные файлы</Filter>
    </ClCompile>
    <ClCompile Include="Source\main.cpp">
      <Filter>Исходные файлы</Filter>
    </ClCompile>
    <ClCompile Include="Source\ErrorLogger.cpp">
      <Filter>Исходные файлы</Filter>
    </ClCompile>
    <ClCompile Include="Source\Engine.cpp">
      <Filter>Исходные файлы</Filter>
    </ClCompile>
    <ClCompile Include="Source\COMException.cpp">
      <Filter>Исходные файлы</Filter>
    </ClCompile>
    <ClCompile Include="Source\HID\Keyboard\KeyboardClass.cpp">
      <Filter>Исходные файлы\HID\Keyboard</Filter>
    </ClCompile>
    <ClCompile Include="Source\HID\Keyboard\KeyboardEvent.cpp">
      <Filter>Исходные файлы\HID\Keyboard</Filter>
    </ClCompile>
    <ClCompile Include="Source\HID\Mouse\MouseClass.cpp">
      <Filter>Исходные файлы\HID\Mouse</Filter>
    </ClCompile>
    <ClCompile Include="Source\HID\Mouse\MouseEvent.cpp">
      <Filter>Исходные файлы\HID\Mouse</Filter>
    </ClCompile>
    <ClCompile Include="Source\Graphics\ImGUI\imgui.cpp">
      <Filter>Исходные файлы\Graphics\ImGUI</Filter>
    </ClCompile>
    <ClCompile Include="Source\Graphics\ImGUI\imgui_draw.cpp">
      <Filter>Исходные файлы\Graphics\ImGUI</Filter>
    </ClCompile>
    <ClCompile Include="Source\Graphics\ImGUI\imgui_impl_dx11.cpp">
      <Filter>Исходные файлы\Graphics\ImGUI</Filter>
    </ClCompile>
    <ClCompile Include="Source\Graphics\ImGUI\imgui_impl_win32.cpp">
      <Filter>Исходные файлы\Graphics\ImGUI</Filter>
    </ClCompile>
    <ClCompile Include="Source\Graphics\ImGUI\imgui_widgets.cpp">
      <Filter>Исходные файлы\Graphics\ImGUI</Filter>
    </ClCompile>
    <ClCompile Include="Source\Graphics\AdapterReader.cpp">
      <Filter>Исходные файлы\Graphics</Filter>
    </ClCompile>
    <ClCompile Include="Source\Graphics\Camera2D.cpp">
      <Filter>Исходные файлы\Graphics</Filter>
    </ClCompile>
    <ClCompile Include="Source\Graphics\Camera3D.cpp">
      <Filter>Исходные файлы\Graphics</Filter>
    </ClCompile>
    <ClCompile Include="Source\Graphics\Color.cpp">
      <Filter>Исходные файлы\Graphics</Filter>
    </ClCompile>
    <ClCompile Include="Source\Graphics\DeferredRenderer.cpp">
      <Filter>Исходные файлы\Graphics</Filter>
    </ClCompile>
    <ClCompile Include="Source\Graphics\ForwardRenderer.cpp">
      <Filter>Исходные файлы\Graphics</Filter>
    </ClCompile>
    <ClCompile Include="Source\Graphics\GameObject.cpp">
      <Filter>Исходные файлы\Graphics</Filter>
    </ClCompile>
    <ClCompile Include="Source\Graphics\GameObject2D.cpp">
      <Filter>Исходные файлы\Graphics</Filter>
    </ClCompile>
    <ClCompile Include="Source\Graphics\GameObject3D.cpp">
      <Filter>Исходные файлы\Graphics</Filter>
    </ClCompile>
    <ClCompile Include="Source\Graphics\Graphics.cpp">
      <Filter>Исходные файлы\Graphics</Filter>
    </ClCompile>
    <ClCompile Include="Source\Graphics\IndexBuffer.cpp">
      <Filter>Исходные файлы</Filter>
    </ClCompile>
    <ClCompile Include="Source\Graphics\Light.cpp">
      <Filter>Исходные файлы\Graphics</Filter>
    </ClCompile>
    <ClCompile Include="Source\Graphics\Mesh.cpp">
      <Filter>Исходные файлы\Graphics</Filter>
    </ClCompile>
    <ClCompile Include="Source\Graphics\Model.cpp">
      <Filter>Исходные файлы\Graphics</Filter>
    </ClCompile>
    <ClCompile Include="Source\Graphics\RenderableGameObject3D.cpp">
      <Filter>Исходные файлы\Graphics</Filter>
    </ClCompile>
    <ClCompile Include="Source\Graphics\RenderableObject2D.cpp">
      <Filter>Исходные файлы\Graphics</Filter>
    </ClCompile>
    <ClCompile Include="Source\Graphics\RenderableObject3D.cpp">
      <Filter>Исходные файлы\Graphics</Filter>
    </ClCompile>
    <ClCompile Include="Source\Graphics\Shaders.cpp">
      <Filter>Исходные файлы\Graphics</Filter>
    </ClCompile>
    <ClCompile Include="Source\Graphics\Sprite.cpp">
      <Filter>Исходные файлы\Graphics</Filter>
    </ClCompile>
    <ClCompile Include="Source\Graphics\Texture.cpp">
      <Filter>Исходные файлы\Graphics</Filter>
    </ClCompile>
  </ItemGroup>
  <ItemGroup>
    <ClInclude Include="Source\WindowContainer.h">
      <Filter>Файлы заголовков</Filter>
    </ClInclude>
    <ClInclude Include="Source\Timer.h">
      <Filter>Файлы заголовков</Filter>
    </ClInclude>
    <ClInclude Include="Source\StringHelper.h">
      <Filter>Файлы заголовков</Filter>
    </ClInclude>
    <ClInclude Include="Source\RenderWindow.h">
      <Filter>Файлы заголовков</Filter>
    </ClInclude>
    <ClInclude Include="Source\ErrorLogger.h">
      <Filter>Файлы заголовков</Filter>
    </ClInclude>
    <ClInclude Include="Source\Engine.h">
      <Filter>Файлы заголовков</Filter>
    </ClInclude>
    <ClInclude Include="Source\COMException.h">
      <Filter>Файлы заголовков</Filter>
    </ClInclude>
    <ClInclude Include="Source\HID\Keyboard\KeyboardClass.h">
      <Filter>Файлы заголовков\HID\Keyboard</Filter>
    </ClInclude>
    <ClInclude Include="Source\HID\Keyboard\KeyboardEvent.h">
      <Filter>Файлы заголовков\HID\Keyboard</Filter>
    </ClInclude>
    <ClInclude Include="Source\HID\Mouse\MouseClass.h">
      <Filter>Файлы заголовков\HID\Mouse</Filter>
    </ClInclude>
    <ClInclude Include="Source\HID\Mouse\MouseEvent.h">
      <Filter>Файлы заголовков\HID\Mouse</Filter>
    </ClInclude>
    <ClInclude Include="Source\Graphics\ImGUI\imconfig.h">
      <Filter>Файлы заголовков\Graphics\ImGui</Filter>
    </ClInclude>
    <ClInclude Include="Source\Graphics\ImGUI\imgui.h">
      <Filter>Файлы заголовков\Graphics\ImGui</Filter>
    </ClInclude>
    <ClInclude Include="Source\Graphics\ImGUI\imgui_impl_dx11.h">
      <Filter>Файлы заголовков\Graphics\ImGui</Filter>
    </ClInclude>
    <ClInclude Include="Source\Graphics\ImGUI\imgui_impl_win32.h">
      <Filter>Файлы заголовков\Graphics\ImGui</Filter>
    </ClInclude>
    <ClInclude Include="Source\Graphics\ImGUI\imgui_internal.h">
      <Filter>Файлы заголовков\Graphics\ImGui</Filter>
    </ClInclude>
    <ClInclude Include="Source\Graphics\ImGUI\ImGUIW.h">
      <Filter>Файлы заголовков\Graphics\ImGui</Filter>
    </ClInclude>
    <ClInclude Include="Source\Graphics\ImGUI\imstb_rectpack.h">
      <Filter>Файлы заголовков\Graphics\ImGui</Filter>
    </ClInclude>
    <ClInclude Include="Source\Graphics\ImGUI\imstb_textedit.h">
      <Filter>Файлы заголовков\Graphics\ImGui</Filter>
    </ClInclude>
    <ClInclude Include="Source\Graphics\ImGUI\imstb_truetype.h">
      <Filter>Файлы заголовков\Graphics\ImGui</Filter>
    </ClInclude>
    <ClInclude Include="Source\Graphics\interfaces\IRenderable.h">
      <Filter>Файлы заголовков\Graphics\Interfaces</Filter>
    </ClInclude>
    <ClInclude Include="Source\Graphics\interfaces\IResourceMaster.h">
      <Filter>Файлы заголовков\Graphics\Interfaces</Filter>
    </ClInclude>
    <ClInclude Include="Source\Graphics\AdapterReader.h">
      <Filter>Файлы заголовков\Graphics</Filter>
    </ClInclude>
    <ClInclude Include="Source\Graphics\Camera2D.h">
      <Filter>Файлы заголовков\Graphics</Filter>
    </ClInclude>
    <ClInclude Include="Source\Graphics\Camera3D.h">
      <Filter>Файлы заголовков\Graphics</Filter>
    </ClInclude>
    <ClInclude Include="Source\Graphics\Color.h">
      <Filter>Файлы заголовков\Graphics</Filter>
    </ClInclude>
    <ClInclude Include="Source\Graphics\ConstantBuffer.h">
      <Filter>Файлы заголовков\Graphics</Filter>
    </ClInclude>
    <ClInclude Include="Source\Graphics\ConstantBufferTypes.h">
      <Filter>Файлы заголовков\Graphics</Filter>
    </ClInclude>
    <ClInclude Include="Source\Graphics\DeferredRenderer.h">
      <Filter>Файлы заголовков\Graphics</Filter>
    </ClInclude>
    <ClInclude Include="Source\Graphics\ForwardRenderer.h">
      <Filter>Файлы заголовков\Graphics</Filter>
    </ClInclude>
    <ClInclude Include="Source\Graphics\GameObject.h">
      <Filter>Файлы заголовков\Graphics</Filter>
    </ClInclude>
    <ClInclude Include="Source\Graphics\GameObject2D.h">
      <Filter>Файлы заголовков\Graphics</Filter>
    </ClInclude>
    <ClInclude Include="Source\Graphics\GameObject3D.h">
      <Filter>Файлы заголовков\Graphics</Filter>
    </ClInclude>
    <ClInclude Include="Source\Graphics\Graphics.h">
      <Filter>Файлы заголовков\Graphics</Filter>
    </ClInclude>
    <ClInclude Include="Source\Graphics\IndexBuffer.h">
      <Filter>Файлы заголовков\Graphics</Filter>
    </ClInclude>
    <ClInclude Include="Source\Graphics\Light.h">
      <Filter>Файлы заголовков\Graphics</Filter>
    </ClInclude>
    <ClInclude Include="Source\Graphics\Mesh.h">
      <Filter>Файлы заголовков\Graphics</Filter>
    </ClInclude>
    <ClInclude Include="Source\Graphics\Model.h">
      <Filter>Файлы заголовков\Graphics</Filter>
    </ClInclude>
    <ClInclude Include="Source\Graphics\RenderableGameObject3D.h">
      <Filter>Файлы заголовков\Graphics</Filter>
    </ClInclude>
    <ClInclude Include="Source\Graphics\RenderableObject2D.h">
      <Filter>Файлы заголовков\Graphics</Filter>
    </ClInclude>
    <ClInclude Include="Source\Graphics\RenderableObject3D.h">
      <Filter>Файлы заголовков\Graphics</Filter>
    </ClInclude>
    <ClInclude Include="Source\Graphics\Shaders.h">
      <Filter>Файлы заголовков\Graphics</Filter>
    </ClInclude>
    <ClInclude Include="Source\Graphics\Sprite.h">
      <Filter>Файлы заголовков\Graphics</Filter>
    </ClInclude>
    <ClInclude Include="Source\Graphics\Texture.h">
      <Filter>Файлы заголовков\Graphics</Filter>
    </ClInclude>
    <ClInclude Include="Source\Graphics\Vertex.h">
      <Filter>Файлы заголовков\Graphics</Filter>
    </ClInclude>
    <ClInclude Include="Source\Graphics\VertexBuffer.h">
      <Filter>Файлы заголовков\Graphics</Filter>
    </ClInclude>
  </ItemGroup>
  <ItemGroup>
    <FxCompile Include="Resources\pixelshader_nolight.hlsl">
      <Filter>Файлы ресурсов</Filter>
    </FxCompile>
    <FxCompile Include="Resources\pixelshader_2d.hlsl">
      <Filter>Файлы ресурсов</Filter>
    </FxCompile>
    <FxCompile Include="Resources\pixelshader_2d_discard.hlsl">
      <Filter>Файлы ресурсов</Filter>
    </FxCompile>
    <FxCompile Include="Resources\pixelshader.hlsl">
      <Filter>Файлы ресурсов</Filter>
    </FxCompile>
    <FxCompile Include="Resources\vertexshader_2d.hlsl">
      <Filter>Файлы ресурсов</Filter>
    </FxCompile>
    <FxCompile Include="Resources\vertexshader.hlsl">
      <Filter>Файлы ресурсов</Filter>
    </FxCompile>
    <FxCompile Include="Resources\deferredRenderer\PS_fill_gBuffer.hlsl">
      <Filter>Файлы ресурсов\deferredRenderer</Filter>
    </FxCompile>
    <FxCompile Include="Resources\deferredRenderer\PS_use_gBuffer.hlsl">
      <Filter>Файлы ресурсов\deferredRenderer</Filter>
    </FxCompile>
    <FxCompile Include="Resources\deferredRenderer\VS_use_gBuffer.hlsl">
      <Filter>Файлы ресурсов\deferredRenderer</Filter>
    </FxCompile>
    <FxCompile Include="Resources\deferredRenderer\VS_fill_gBuffer.hlsl">
      <Filter>Файлы ресурсов\deferredRenderer</Filter>
    </FxCompile>
  </ItemGroup>
</Project>